
Microsoft Visual Studio Solution File, Format Version 12.00
# Visual Studio Version 17
VisualStudioVersion = 17.11.35327.3
MinimumVisualStudioVersion = 10.0.40219.1
Project("{2150E333-8FDC-42A3-9474-1A3956D46DE8}") = "Factory", "Factory", "{932395F6-6544-44F5-9A75-95A91F7DD660}"
EndProject
Project("{2150E333-8FDC-42A3-9474-1A3956D46DE8}") = "Strategy", "Strategy", "{003CF8B0-D9E8-4356-A6D0-3FCCE1D37AFF}"
EndProject
Project("{2150E333-8FDC-42A3-9474-1A3956D46DE8}") = "Observer", "Observer", "{213E3D0C-EF54-43AB-800C-F4EA8754FFD0}"
EndProject
Project("{2150E333-8FDC-42A3-9474-1A3956D46DE8}") = "Composite", "Composite", "{EE785501-B8FE-4666-B995-4F9B6E9301AC}"
EndProject
Project("{2150E333-8FDC-42A3-9474-1A3956D46DE8}") = "Singleton", "Singleton", "{74BB9F89-576E-4CDC-A377-866B0E2F0BA5}"
EndProject
Project("{9A19103F-16F7-4668-BE54-9A1E7A4F7556}") = "SystemFile", "Composite\CompositeEntreprise\SystemFile.csproj", "{4B210AE5-B509-45A4-948A-70C4244DE9A1}"
EndProject
Project("{9A19103F-16F7-4668-BE54-9A1E7A4F7556}") = "Wonka", "Singleton\Wonka\Wonka.csproj", "{06593A28-985C-4917-AB6E-B45D3FD034FE}"
EndProject
Project("{9A19103F-16F7-4668-BE54-9A1E7A4F7556}") = "designPatterns", "Observer\designPatterns\designPatterns.csproj", "{C0F0B76A-B803-4FB8-9AA8-6C05A2123B5A}"
EndProject
Project("{9A19103F-16F7-4668-BE54-9A1E7A4F7556}") = "StrategyDesignPattern", "Strategy\StrategyDesignPattern\StrategyDesignPattern\StrategyDesignPattern.csproj", "{447851B5-3A7F-47AB-872C-DC7E004BAC37}"
EndProject
Project("{9A19103F-16F7-4668-BE54-9A1E7A4F7556}") = "designPatterns", "Observer\designPatternsNew\designPatterns.csproj", "{D7E01831-6451-4528-AA34-18726964ADE7}"
EndProject
Global
	GlobalSection(SolutionConfigurationPlatforms) = preSolution
		Debug|Any CPU = Debug|Any CPU
		Release|Any CPU = Release|Any CPU
	EndGlobalSection
	GlobalSection(ProjectConfigurationPlatforms) = postSolution
		{4B210AE5-B509-45A4-948A-70C4244DE9A1}.Debug|Any CPU.ActiveCfg = Debug|Any CPU
		{4B210AE5-B509-45A4-948A-70C4244DE9A1}.Debug|Any CPU.Build.0 = Debug|Any CPU
		{4B210AE5-B509-45A4-948A-70C4244DE9A1}.Release|Any CPU.ActiveCfg = Release|Any CPU
		{4B210AE5-B509-45A4-948A-70C4244DE9A1}.Release|Any CPU.Build.0 = Release|Any CPU
		{06593A28-985C-4917-AB6E-B45D3FD034FE}.Debug|Any CPU.ActiveCfg = Debug|Any CPU
		{06593A28-985C-4917-AB6E-B45D3FD034FE}.Debug|Any CPU.Build.0 = Debug|Any CPU
		{06593A28-985C-4917-AB6E-B45D3FD034FE}.Release|Any CPU.ActiveCfg = Release|Any CPU
		{06593A28-985C-4917-AB6E-B45D3FD034FE}.Release|Any CPU.Build.0 = Release|Any CPU
		{C0F0B76A-B803-4FB8-9AA8-6C05A2123B5A}.Debug|Any CPU.ActiveCfg = Debug|Any CPU
		{C0F0B76A-B803-4FB8-9AA8-6C05A2123B5A}.Debug|Any CPU.Build.0 = Debug|Any CPU
		{C0F0B76A-B803-4FB8-9AA8-6C05A2123B5A}.Release|Any CPU.ActiveCfg = Release|Any CPU
		{C0F0B76A-B803-4FB8-9AA8-6C05A2123B5A}.Release|Any CPU.Build.0 = Release|Any CPU
		{447851B5-3A7F-47AB-872C-DC7E004BAC37}.Debug|Any CPU.ActiveCfg = Debug|Any CPU
		{447851B5-3A7F-47AB-872C-DC7E004BAC37}.Debug|Any CPU.Build.0 = Debug|Any CPU
		{447851B5-3A7F-47AB-872C-DC7E004BAC37}.Release|Any CPU.ActiveCfg = Release|Any CPU
		{447851B5-3A7F-47AB-872C-DC7E004BAC37}.Release|Any CPU.Build.0 = Release|Any CPU
		{D7E01831-6451-4528-AA34-18726964ADE7}.Debug|Any CPU.ActiveCfg = Debug|Any CPU
		{D7E01831-6451-4528-AA34-18726964ADE7}.Debug|Any CPU.Build.0 = Debug|Any CPU
		{D7E01831-6451-4528-AA34-18726964ADE7}.Release|Any CPU.ActiveCfg = Release|Any CPU
		{D7E01831-6451-4528-AA34-18726964ADE7}.Release|Any CPU.Build.0 = Release|Any CPU
	EndGlobalSection
	GlobalSection(SolutionProperties) = preSolution
		HideSolutionNode = FALSE
	EndGlobalSection
	GlobalSection(NestedProjects) = preSolution
		{4B210AE5-B509-45A4-948A-70C4244DE9A1} = {EE785501-B8FE-4666-B995-4F9B6E9301AC}
		{06593A28-985C-4917-AB6E-B45D3FD034FE} = {74BB9F89-576E-4CDC-A377-866B0E2F0BA5}
		{C0F0B76A-B803-4FB8-9AA8-6C05A2123B5A} = {213E3D0C-EF54-43AB-800C-F4EA8754FFD0}
		{447851B5-3A7F-47AB-872C-DC7E004BAC37} = {003CF8B0-D9E8-4356-A6D0-3FCCE1D37AFF}
		{D7E01831-6451-4528-AA34-18726964ADE7} = {213E3D0C-EF54-43AB-800C-F4EA8754FFD0}
	EndGlobalSection
	GlobalSection(ExtensibilityGlobals) = postSolution
		SolutionGuid = {BF6B16ED-EE9A-4D86-9F2C-AB891B88F06F}
	EndGlobalSection
EndGlobal
